
Microsoft Visual Studio Solution File, Format Version 12.00
# Visual Studio Version 17
VisualStudioVersion = 17.6.33723.286
MinimumVisualStudioVersion = 10.0.40219.1
Project("{FAE04EC0-301F-11D3-BF4B-00C04F79EFBC}") = "Gestion Bancaire", "Gestion Bancaire\Gestion Bancaire.csproj", "{F3B96B10-D432-4ABB-A08B-363784B2A258}"
EndProject
Global
	GlobalSection(SolutionConfigurationPlatforms) = preSolution
		Debug|Any CPU = Debug|Any CPU
		Release|Any CPU = Release|Any CPU
	EndGlobalSection
	GlobalSection(ProjectConfigurationPlatforms) = postSolution
		{F3B96B10-D432-4ABB-A08B-363784B2A258}.Debug|Any CPU.ActiveCfg = Debug|Any CPU
		{F3B96B10-D432-4ABB-A08B-363784B2A258}.Debug|Any CPU.Build.0 = Debug|Any CPU
		{F3B96B10-D432-4ABB-A08B-363784B2A258}.Release|Any CPU.ActiveCfg = Release|Any CPU
		{F3B96B10-D432-4ABB-A08B-363784B2A258}.Release|Any CPU.Build.0 = Release|Any CPU
	EndGlobalSection
	GlobalSection(SolutionProperties) = preSolution
		HideSolutionNode = FALSE
	EndGlobalSection
	GlobalSection(ExtensibilityGlobals) = postSolution
		SolutionGuid = {224DDC84-22CB-48C0-94B5-B4B23C6FBF62}
	EndGlobalSection
EndGlobal
